// !$*UTF8*$!
{
	archiveVersion = 1;
	classes = {
	};
	objectVersion = 50;
	objects = {

/* Begin PBXBuildFile section */
		8295F8C424D860FB00D819D2 /* AppDelegate.swift in Sources */ = {isa = PBXBuildFile; fileRef = 8295F8C324D860FB00D819D2 /* AppDelegate.swift */; };
		8295F8C624D860FB00D819D2 /* SceneDelegate.swift in Sources */ = {isa = PBXBuildFile; fileRef = 8295F8C524D860FB00D819D2 /* SceneDelegate.swift */; };
		8295F8C824D860FB00D819D2 /* ViewController.swift in Sources */ = {isa = PBXBuildFile; fileRef = 8295F8C724D860FB00D819D2 /* ViewController.swift */; };
		8295F8CB24D860FB00D819D2 /* Main.storyboard in Resources */ = {isa = PBXBuildFile; fileRef = 8295F8C924D860FB00D819D2 /* Main.storyboard */; };
		8295F8CD24D8610000D819D2 /* Assets.xcassets in Resources */ = {isa = PBXBuildFile; fileRef = 8295F8CC24D8610000D819D2 /* Assets.xcassets */; };
		8295F8D024D8610000D819D2 /* LaunchScreen.storyboard in Resources */ = {isa = PBXBuildFile; fileRef = 8295F8CE24D8610000D819D2 /* LaunchScreen.storyboard */; };
		8295F8DB24D8610000D819D2 /* LoginModelViewTests.swift in Sources */ = {isa = PBXBuildFile; fileRef = 8295F8DA24D8610000D819D2 /* LoginModelViewTests.swift */; };
		8295F8E724D8646A00D819D2 /* UserVM.swift in Sources */ = {isa = PBXBuildFile; fileRef = 8295F8E624D8646A00D819D2 /* UserVM.swift */; };
/* End PBXBuildFile section */

/* Begin PBXContainerItemProxy section */
		8295F8D724D8610000D819D2 /* PBXContainerItemProxy */ = {
			isa = PBXContainerItemProxy;
			containerPortal = 8295F8B824D860FB00D819D2 /* Project object */;
			proxyType = 1;
			remoteGlobalIDString = 8295F8BF24D860FB00D819D2;
			remoteInfo = LoginModelView;
		};
/* End PBXContainerItemProxy section */

/* Begin PBXFileReference section */
		8295F8C024D860FB00D819D2 /* LoginModelView.app */ = {isa = PBXFileReference; explicitFileType = wrapper.application; includeInIndex = 0; path = LoginModelView.app; sourceTree = BUILT_PRODUCTS_DIR; };
		8295F8C324D860FB00D819D2 /* AppDelegate.swift */ = {isa = PBXFileReference; lastKnownFileType = sourcecode.swift; path = AppDelegate.swift; sourceTree = "<group>"; };
		8295F8C524D860FB00D819D2 /* SceneDelegate.swift */ = {isa = PBXFileReference; lastKnownFileType = sourcecode.swift; path = SceneDelegate.swift; sourceTree = "<group>"; };
		8295F8C724D860FB00D819D2 /* ViewController.swift */ = {isa = PBXFileReference; lastKnownFileType = sourcecode.swift; path = ViewController.swift; sourceTree = "<group>"; };
		8295F8CA24D860FB00D819D2 /* Base */ = {isa = PBXFileReference; lastKnownFileType = file.storyboard; name = Base; path = Base.lproj/Main.storyboard; sourceTree = "<group>"; };
		8295F8CC24D8610000D819D2 /* Assets.xcassets */ = {isa = PBXFileReference; lastKnownFileType = folder.assetcatalog; path = Assets.xcassets; sourceTree = "<group>"; };
		8295F8CF24D8610000D819D2 /* Base */ = {isa = PBXFileReference; lastKnownFileType = file.storyboard; name = Base; path = Base.lproj/LaunchScreen.storyboard; sourceTree = "<group>"; };
		8295F8D124D8610000D819D2 /* Info.plist */ = {isa = PBXFileReference; lastKnownFileType = text.plist.xml; path = Info.plist; sourceTree = "<group>"; };
		8295F8D624D8610000D819D2 /* LoginModelViewTests.xctest */ = {isa = PBXFileReference; explicitFileType = wrapper.cfbundle; includeInIndex = 0; path = LoginModelViewTests.xctest; sourceTree = BUILT_PRODUCTS_DIR; };
		8295F8DA24D8610000D819D2 /* LoginModelViewTests.swift */ = {isa = PBXFileReference; lastKnownFileType = sourcecode.swift; path = LoginModelViewTests.swift; sourceTree = "<group>"; };
		8295F8DC24D8610000D819D2 /* Info.plist */ = {isa = PBXFileReference; lastKnownFileType = text.plist.xml; path = Info.plist; sourceTree = "<group>"; };
		8295F8E624D8646A00D819D2 /* UserVM.swift */ = {isa = PBXFileReference; lastKnownFileType = sourcecode.swift; path = UserVM.swift; sourceTree = "<group>"; };
/* End PBXFileReference section */

/* Begin PBXFrameworksBuildPhase section */
		8295F8BD24D860FB00D819D2 /* Frameworks */ = {
			isa = PBXFrameworksBuildPhase;
			buildActionMask = 2147483647;
			files = (
			);
			runOnlyForDeploymentPostprocessing = 0;
		};
		8295F8D324D8610000D819D2 /* Frameworks */ = {
			isa = PBXFrameworksBuildPhase;
			buildActionMask = 2147483647;
			files = (
			);
			runOnlyForDeploymentPostprocessing = 0;
		};
/* End PBXFrameworksBuildPhase section */

/* Begin PBXGroup section */
		8295F8B724D860FB00D819D2 = {
			isa = PBXGroup;
			children = (
				8295F8C224D860FB00D819D2 /* LoginModelView */,
				8295F8D924D8610000D819D2 /* LoginModelViewTests */,
				8295F8C124D860FB00D819D2 /* Products */,
			);
			sourceTree = "<group>";
		};
		8295F8C124D860FB00D819D2 /* Products */ = {
			isa = PBXGroup;
			children = (
				8295F8C024D860FB00D819D2 /* LoginModelView.app */,
				8295F8D624D8610000D819D2 /* LoginModelViewTests.xctest */,
			);
			name = Products;
			sourceTree = "<group>";
		};
		8295F8C224D860FB00D819D2 /* LoginModelView */ = {
			isa = PBXGroup;
			children = (
				8295F8E524D8644400D819D2 /* ModelView */,
				8295F8C324D860FB00D819D2 /* AppDelegate.swift */,
				8295F8C524D860FB00D819D2 /* SceneDelegate.swift */,
				8295F8C724D860FB00D819D2 /* ViewController.swift */,
				8295F8C924D860FB00D819D2 /* Main.storyboard */,
				8295F8CC24D8610000D819D2 /* Assets.xcassets */,
				8295F8CE24D8610000D819D2 /* LaunchScreen.storyboard */,
				8295F8D124D8610000D819D2 /* Info.plist */,
			);
			path = LoginModelView;
			sourceTree = "<group>";
		};
		8295F8D924D8610000D819D2 /* LoginModelViewTests */ = {
			isa = PBXGroup;
			children = (
				8295F8DA24D8610000D819D2 /* LoginModelViewTests.swift */,
				8295F8DC24D8610000D819D2 /* Info.plist */,
			);
			path = LoginModelViewTests;
			sourceTree = "<group>";
		};
		8295F8E524D8644400D819D2 /* ModelView */ = {
			isa = PBXGroup;
			children = (
				8295F8E624D8646A00D819D2 /* UserVM.swift */,
			);
			path = ModelView;
			sourceTree = "<group>";
		};
/* End PBXGroup section */

/* Begin PBXNativeTarget section */
		8295F8BF24D860FB00D819D2 /* LoginModelView */ = {
			isa = PBXNativeTarget;
			buildConfigurationList = 8295F8DF24D8610000D819D2 /* Build configuration list for PBXNativeTarget "LoginModelView" */;
			buildPhases = (
				8295F8BC24D860FB00D819D2 /* Sources */,
				8295F8BD24D860FB00D819D2 /* Frameworks */,
				8295F8BE24D860FB00D819D2 /* Resources */,
			);
			buildRules = (
			);
			dependencies = (
			);
			name = LoginModelView;
			productName = LoginModelView;
			productReference = 8295F8C024D860FB00D819D2 /* LoginModelView.app */;
			productType = "com.apple.product-type.application";
		};
		8295F8D524D8610000D819D2 /* LoginModelViewTests */ = {
			isa = PBXNativeTarget;
			buildConfigurationList = 8295F8E224D8610000D819D2 /* Build configuration list for PBXNativeTarget "LoginModelViewTests" */;
			buildPhases = (
				8295F8D224D8610000D819D2 /* Sources */,
				8295F8D324D8610000D819D2 /* Frameworks */,
				8295F8D424D8610000D819D2 /* Resources */,
			);
			buildRules = (
			);
			dependencies = (
				8295F8D824D8610000D819D2 /* PBXTargetDependency */,
			);
			name = LoginModelViewTests;
			productName = LoginModelViewTests;
			productReference = 8295F8D624D8610000D819D2 /* LoginModelViewTests.xctest */;
			productType = "com.apple.product-type.bundle.unit-test";
		};
/* End PBXNativeTarget section */

/* Begin PBXProject section */
		8295F8B824D860FB00D819D2 /* Project object */ = {
			isa = PBXProject;
			attributes = {
				LastSwiftUpdateCheck = 1160;
				LastUpgradeCheck = 1160;
				ORGANIZATIONNAME = DOH;
				TargetAttributes = {
					8295F8BF24D860FB00D819D2 = {
						CreatedOnToolsVersion = 11.6;
					};
					8295F8D524D8610000D819D2 = {
						CreatedOnToolsVersion = 11.6;
						TestTargetID = 8295F8BF24D860FB00D819D2;
					};
				};
			};
			buildConfigurationList = 8295F8BB24D860FB00D819D2 /* Build configuration list for PBXProject "LoginModelView" */;
			compatibilityVersion = "Xcode 9.3";
			developmentRegion = en;
			hasScannedForEncodings = 0;
			knownRegions = (
				en,
				Base,
			);
			mainGroup = 8295F8B724D860FB00D819D2;
			productRefGroup = 8295F8C124D860FB00D819D2 /* Products */;
			projectDirPath = "";
			projectRoot = "";
			targets = (
				8295F8BF24D860FB00D819D2 /* LoginModelView */,
				8295F8D524D8610000D819D2 /* LoginModelViewTests */,
			);
		};
/* End PBXProject section */

/* Begin PBXResourcesBuildPhase section */
		8295F8BE24D860FB00D819D2 /* Resources */ = {
			isa = PBXResourcesBuildPhase;
			buildActionMask = 2147483647;
			files = (
				8295F8D024D8610000D819D2 /* LaunchScreen.storyboard in Resources */,
				8295F8CD24D8610000D819D2 /* Assets.xcassets in Resources */,
				8295F8CB24D860FB00D819D2 /* Main.storyboard in Resources */,
			);
			runOnlyForDeploymentPostprocessing = 0;
		};
		8295F8D424D8610000D819D2 /* Resources */ = {
			isa = PBXResourcesBuildPhase;
			buildActionMask = 2147483647;
			files = (
			);
			runOnlyForDeploymentPostprocessing = 0;
		};
/* End PBXResourcesBuildPhase section */

/* Begin PBXSourcesBuildPhase section */
		8295F8BC24D860FB00D819D2 /* Sources */ = {
			isa = PBXSourcesBuildPhase;
			buildActionMask = 2147483647;
			files = (
				8295F8C824D860FB00D819D2 /* ViewController.swift in Sources */,
				8295F8E724D8646A00D819D2 /* UserVM.swift in Sources */,
				8295F8C424D860FB00D819D2 /* AppDelegate.swift in Sources */,
				8295F8C624D860FB00D819D2 /* SceneDelegate.swift in Sources */,
			);
			runOnlyForDeploymentPostprocessing = 0;
		};
		8295F8D224D8610000D819D2 /* Sources */ = {
			isa = PBXSourcesBuildPhase;
			buildActionMask = 2147483647;
			files = (
				8295F8DB24D8610000D819D2 /* LoginModelViewTests.swift in Sources */,
			);
			runOnlyForDeploymentPostprocessing = 0;
		};
/* End PBXSourcesBuildPhase section */

/* Begin PBXTargetDependency section */
		8295F8D824D8610000D819D2 /* PBXTargetDependency */ = {
			isa = PBXTargetDependency;
			target = 8295F8BF24D860FB00D819D2 /* LoginModelView */;
			targetProxy = 8295F8D724D8610000D819D2 /* PBXContainerItemProxy */;
		};
/* End PBXTargetDependency section */

/* Begin PBXVariantGroup section */
		8295F8C924D860FB00D819D2 /* Main.storyboard */ = {
			isa = PBXVariantGroup;
			children = (
				8295F8CA24D860FB00D819D2 /* Base */,
			);
			name = Main.storyboard;
			sourceTree = "<group>";
		};
		8295F8CE24D8610000D819D2 /* LaunchScreen.storyboard */ = {
			isa = PBXVariantGroup;
			children = (
				8295F8CF24D8610000D819D2 /* Base */,
			);
			name = LaunchScreen.storyboard;
			sourceTree = "<group>";
		};
/* End PBXVariantGroup section */

/* Begin XCBuildConfiguration section */
		8295F8DD24D8610000D819D2 /* Debug */ = {
			isa = XCBuildConfiguration;
			buildSettings = {
				ALWAYS_SEARCH_USER_PATHS = NO;
				CLANG_ANALYZER_NONNULL = YES;
				CLANG_ANALYZER_NUMBER_OBJECT_CONVERSION = YES_AGGRESSIVE;
				CLANG_CXX_LANGUAGE_STANDARD = "gnu++14";
				CLANG_CXX_LIBRARY = "libc++";
				CLANG_ENABLE_MODULES = YES;
				CLANG_ENABLE_OBJC_ARC = YES;
				CLANG_ENABLE_OBJC_WEAK = YES;
				CLANG_WARN_BLOCK_CAPTURE_AUTORELEASING = YES;
				CLANG_WARN_BOOL_CONVERSION = YES;
				CLANG_WARN_COMMA = YES;
				CLANG_WARN_CONSTANT_CONVERSION = YES;
				CLANG_WARN_DEPRECATED_OBJC_IMPLEMENTATIONS = YES;
				CLANG_WARN_DIRECT_OBJC_ISA_USAGE = YES_ERROR;
				CLANG_WARN_DOCUMENTATION_COMMENTS = YES;
				CLANG_WARN_EMPTY_BODY = YES;
				CLANG_WARN_ENUM_CONVERSION = YES;
				CLANG_WARN_INFINITE_RECURSION = YES;
				CLANG_WARN_INT_CONVERSION = YES;
				CLANG_WARN_NON_LITERAL_NULL_CONVERSION = YES;
				CLANG_WARN_OBJC_IMPLICIT_RETAIN_SELF = YES;
				CLANG_WARN_OBJC_LITERAL_CONVERSION = YES;
				CLANG_WARN_OBJC_ROOT_CLASS = YES_ERROR;
				CLANG_WARN_RANGE_LOOP_ANALYSIS = YES;
				CLANG_WARN_STRICT_PROTOTYPES = YES;
				CLANG_WARN_SUSPICIOUS_MOVE = YES;
				CLANG_WARN_UNGUARDED_AVAILABILITY = YES_AGGRESSIVE;
				CLANG_WARN_UNREACHABLE_CODE = YES;
				CLANG_WARN__DUPLICATE_METHOD_MATCH = YES;
				COPY_PHASE_STRIP = NO;
				DEBUG_INFORMATION_FORMAT = dwarf;
				ENABLE_STRICT_OBJC_MSGSEND = YES;
				ENABLE_TESTABILITY = YES;
				GCC_C_LANGUAGE_STANDARD = gnu11;
				GCC_DYNAMIC_NO_PIC = NO;
				GCC_NO_COMMON_BLOCKS = YES;
				GCC_OPTIMIZATION_LEVEL = 0;
				GCC_PREPROCESSOR_DEFINITIONS = (
					"DEBUG=1",
					"$(inherited)",
				);
				GCC_WARN_64_TO_32_BIT_CONVERSION = YES;
				GCC_WARN_ABOUT_RETURN_TYPE = YES_ERROR;
				GCC_WARN_UNDECLARED_SELECTOR = YES;
				GCC_WARN_UNINITIALIZED_AUTOS = YES_AGGRESSIVE;
				GCC_WARN_UNUSED_FUNCTION = YES;
				GCC_WARN_UNUSED_VARIABLE = YES;
				IPHONEOS_DEPLOYMENT_TARGET = 13.6;
				MTL_ENABLE_DEBUG_INFO = INCLUDE_SOURCE;
				MTL_FAST_MATH = YES;
				ONLY_ACTIVE_ARCH = YES;
				SDKROOT = iphoneos;
				SWIFT_ACTIVE_COMPILATION_CONDITIONS = DEBUG;
				SWIFT_OPTIMIZATION_LEVEL = "-Onone";
			};
			name = Debug;
		};
		8295F8DE24D8610000D819D2 /* Release */ = {
			isa = XCBuildConfiguration;
			buildSettings = {
				ALWAYS_SEARCH_USER_PATHS = NO;
				CLANG_ANALYZER_NONNULL = YES;
				CLANG_ANALYZER_NUMBER_OBJECT_CONVERSION = YES_AGGRESSIVE;
				CLANG_CXX_LANGUAGE_STANDARD = "gnu++14";
				CLANG_CXX_LIBRARY = "libc++";
				CLANG_ENABLE_MODULES = YES;
				CLANG_ENABLE_OBJC_ARC = YES;
				CLANG_ENABLE_OBJC_WEAK = YES;
				CLANG_WARN_BLOCK_CAPTURE_AUTORELEASING = YES;
				CLANG_WARN_BOOL_CONVERSION = YES;
				CLANG_WARN_COMMA = YES;
				CLANG_WARN_CONSTANT_CONVERSION = YES;
				CLANG_WARN_DEPRECATED_OBJC_IMPLEMENTATIONS = YES;
				CLANG_WARN_DIRECT_OBJC_ISA_USAGE = YES_ERROR;
				CLANG_WARN_DOCUMENTATION_COMMENTS = YES;
				CLANG_WARN_EMPTY_BODY = YES;
				CLANG_WARN_ENUM_CONVERSION = YES;
				CLANG_WARN_INFINITE_RECURSION = YES;
				CLANG_WARN_INT_CONVERSION = YES;
				CLANG_WARN_NON_LITERAL_NULL_CONVERSION = YES;
				CLANG_WARN_OBJC_IMPLICIT_RETAIN_SELF = YES;
				CLANG_WARN_OBJC_LITERAL_CONVERSION = YES;
				CLANG_WARN_OBJC_ROOT_CLASS = YES_ERROR;
				CLANG_WARN_RANGE_LOOP_ANALYSIS = YES;
				CLANG_WARN_STRICT_PROTOTYPES = YES;
				CLANG_WARN_SUSPICIOUS_MOVE = YES;
				CLANG_WARN_UNGUARDED_AVAILABILITY = YES_AGGRESSIVE;
				CLANG_WARN_UNREACHABLE_CODE = YES;
				CLANG_WARN__DUPLICATE_METHOD_MATCH = YES;
				COPY_PHASE_STRIP = NO;
				DEBUG_INFORMATION_FORMAT = "dwarf-with-dsym";
				ENABLE_NS_ASSERTIONS = NO;
				ENABLE_STRICT_OBJC_MSGSEND = YES;
				GCC_C_LANGUAGE_STANDARD = gnu11;
				GCC_NO_COMMON_BLOCKS = YES;
				GCC_WARN_64_TO_32_BIT_CONVERSION = YES;
				GCC_WARN_ABOUT_RETURN_TYPE = YES_ERROR;
				GCC_WARN_UNDECLARED_SELECTOR = YES;
				GCC_WARN_UNINITIALIZED_AUTOS = YES_AGGRESSIVE;
				GCC_WARN_UNUSED_FUNCTION = YES;
				GCC_WARN_UNUSED_VARIABLE = YES;
				IPHONEOS_DEPLOYMENT_TARGET = 13.6;
				MTL_ENABLE_DEBUG_INFO = NO;
				MTL_FAST_MATH = YES;
				SDKROOT = iphoneos;
				SWIFT_COMPILATION_MODE = wholemodule;
				SWIFT_OPTIMIZATION_LEVEL = "-O";
				VALIDATE_PRODUCT = YES;
			};
			name = Release;
		};
		8295F8E024D8610000D819D2 /* Debug */ = {
			isa = XCBuildConfiguration;
			buildSettings = {
				ASSETCATALOG_COMPILER_APPICON_NAME = AppIcon;
				CODE_SIGN_STYLE = Automatic;
				DEVELOPMENT_TEAM = DZHAL8F38Z;
				INFOPLIST_FILE = LoginModelView/Info.plist;
				LD_RUNPATH_SEARCH_PATHS = (
					"$(inherited)",
					"@executable_path/Frameworks",
				);
				PRODUCT_BUNDLE_IDENTIFIER = durodola.LoginModelView;
				PRODUCT_NAME = "$(TARGET_NAME)";
				SWIFT_VERSION = 5.0;
				TARGETED_DEVICE_FAMILY = "1,2";
			};
			name = Debug;
		};
		8295F8E124D8610000D819D2 /* Release */ = {
			isa = XCBuildConfiguration;
			buildSettings = {
				ASSETCATALOG_COMPILER_APPICON_NAME = AppIcon;
				CODE_SIGN_STYLE = Automatic;
				DEVELOPMENT_TEAM = DZHAL8F38Z;
				INFOPLIST_FILE = LoginModelView/Info.plist;
				LD_RUNPATH_SEARCH_PATHS = (
					"$(inherited)",
					"@executable_path/Frameworks",
				);
				PRODUCT_BUNDLE_IDENTIFIER = durodola.LoginModelView;
				PRODUCT_NAME = "$(TARGET_NAME)";
				SWIFT_VERSION = 5.0;
				TARGETED_DEVICE_FAMILY = "1,2";
			};
			name = Release;
		};
		8295F8E324D8610000D819D2 /* Debug */ = {
			isa = XCBuildConfiguration;
			buildSettings = {
				ALWAYS_EMBED_SWIFT_STANDARD_LIBRARIES = YES;
				BUNDLE_LOADER = "$(TEST_HOST)";
				CODE_SIGN_STYLE = Automatic;
				DEVELOPMENT_TEAM = DZHAL8F38Z;
				INFOPLIST_FILE = LoginModelViewTests/Info.plist;
				IPHONEOS_DEPLOYMENT_TARGET = 13.6;
				LD_RUNPATH_SEARCH_PATHS = (
					"$(inherited)",
					"@executable_path/Frameworks",
					"@loader_path/Frameworks",
				);
				PRODUCT_BUNDLE_IDENTIFIER = durodola.LoginModelViewTests;
				PRODUCT_NAME = "$(TARGET_NAME)";
				SWIFT_VERSION = 5.0;
				TARGETED_DEVICE_FAMILY = "1,2";
				TEST_HOST = "$(BUILT_PRODUCTS_DIR)/LoginModelView.app/LoginModelView";
			};
			name = Debug;
		};
		8295F8E424D8610000D819D2 /* Release */ = {
			isa = XCBuildConfiguration;
			buildSettings = {
				ALWAYS_EMBED_SWIFT_STANDARD_LIBRARIES = YES;
				BUNDLE_LOADER = "$(TEST_HOST)";
				CODE_SIGN_STYLE = Automatic;
				DEVELOPMENT_TEAM = DZHAL8F38Z;
				INFOPLIST_FILE = LoginModelViewTests/Info.plist;
				IPHONEOS_DEPLOYMENT_TARGET = 13.6;
				LD_RUNPATH_SEARCH_PATHS = (
					"$(inherited)",
					"@executable_path/Frameworks",
					"@loader_path/Frameworks",
				);
				PRODUCT_BUNDLE_IDENTIFIER = durodola.LoginModelViewTests;
				PRODUCT_NAME = "$(TARGET_NAME)";
				SWIFT_VERSION = 5.0;
				TARGETED_DEVICE_FAMILY = "1,2";
				TEST_HOST = "$(BUILT_PRODUCTS_DIR)/LoginModelView.app/LoginModelView";
			};
			name = Release;
		};
/* End XCBuildConfiguration section */

/* Begin XCConfigurationList section */
		8295F8BB24D860FB00D819D2 /* Build configuration list for PBXProject "LoginModelView" */ = {
			isa = XCConfigurationList;
			buildConfigurations = (
				8295F8DD24D8610000D819D2 /* Debug */,
				8295F8DE24D8610000D819D2 /* Release */,
			);
			defaultConfigurationIsVisible = 0;
			defaultConfigurationName = Release;
		};
		8295F8DF24D8610000D819D2 /* Build configuration list for PBXNativeTarget "LoginModelView" */ = {
			isa = XCConfigurationList;
			buildConfigurations = (
				8295F8E024D8610000D819D2 /* Debug */,
				8295F8E124D8610000D819D2 /* Release */,
			);
			defaultConfigurationIsVisible = 0;
			defaultConfigurationName = Release;
		};
		8295F8E224D8610000D819D2 /* Build configuration list for PBXNativeTarget "LoginModelViewTests" */ = {
			isa = XCConfigurationList;
			buildConfigurations = (
				8295F8E324D8610000D819D2 /* Debug */,
				8295F8E424D8610000D819D2 /* Release */,
			);
			defaultConfigurationIsVisible = 0;
			defaultConfigurationName = Release;
		};
/* End XCConfigurationList section */
	};
	rootObject = 8295F8B824D860FB00D819D2 /* Project object */;
}
